// !$*UTF8*$!
{
	archiveVersion = 1;
	classes = {
	};
	objectVersion = 46;
	objects = {

/* Begin PBXBuildFile section */
		D82E2F831EA59DCF00B5A13D /* main.m in Sources */ = {isa = PBXBuildFile; fileRef = D82E2F821EA59DCF00B5A13D /* main.m */; };
		D82E2F861EA59DCF00B5A13D /* AppDelegate.m in Sources */ = {isa = PBXBuildFile; fileRef = D82E2F851EA59DCF00B5A13D /* AppDelegate.m */; };
		D82E2F891EA59DCF00B5A13D /* ViewController.m in Sources */ = {isa = PBXBuildFile; fileRef = D82E2F881EA59DCF00B5A13D /* ViewController.m */; };
		D82E2F8C1EA59DCF00B5A13D /* Main.storyboard in Resources */ = {isa = PBXBuildFile; fileRef = D82E2F8A1EA59DCF00B5A13D /* Main.storyboard */; };
		D82E2F8E1EA59DCF00B5A13D /* Assets.xcassets in Resources */ = {isa = PBXBuildFile; fileRef = D82E2F8D1EA59DCF00B5A13D /* Assets.xcassets */; };
		D82E2F911EA59DCF00B5A13D /* LaunchScreen.storyboard in Resources */ = {isa = PBXBuildFile; fileRef = D82E2F8F1EA59DCF00B5A13D /* LaunchScreen.storyboard */; };
		D82E2F9C1EA59DCF00B5A13D /* ORCodeDemoTests.m in Sources */ = {isa = PBXBuildFile; fileRef = D82E2F9B1EA59DCF00B5A13D /* ORCodeDemoTests.m */; };
		D82E2FA71EA59DCF00B5A13D /* ORCodeDemoUITests.m in Sources */ = {isa = PBXBuildFile; fileRef = D82E2FA61EA59DCF00B5A13D /* ORCodeDemoUITests.m */; };
		D86CB39F1EB9A6740046A39E /* ScanFrame.m in Sources */ = {isa = PBXBuildFile; fileRef = D86CB39E1EB9A6740046A39E /* ScanFrame.m */; };
		D87015171EA60C2D00A69A92 /* libqrencode in Resources */ = {isa = PBXBuildFile; fileRef = D87015151EA60C2D00A69A92 /* libqrencode */; };
		D87015181EA60C2D00A69A92 /* ZBarSDK in Resources */ = {isa = PBXBuildFile; fileRef = D87015161EA60C2D00A69A92 /* ZBarSDK */; };
		D870151B1EA60E2500A69A92 /* SCanVC.m in Sources */ = {isa = PBXBuildFile; fileRef = D870151A1EA60E2500A69A92 /* SCanVC.m */; };
/* End PBXBuildFile section */

/* Begin PBXContainerItemProxy section */
		D82E2F981EA59DCF00B5A13D /* PBXContainerItemProxy */ = {
			isa = PBXContainerItemProxy;
			containerPortal = D82E2F761EA59DCF00B5A13D /* Project object */;
			proxyType = 1;
			remoteGlobalIDString = D82E2F7D1EA59DCF00B5A13D;
			remoteInfo = ORCodeDemo;
		};
		D82E2FA31EA59DCF00B5A13D /* PBXContainerItemProxy */ = {
			isa = PBXContainerItemProxy;
			containerPortal = D82E2F761EA59DCF00B5A13D /* Project object */;
			proxyType = 1;
			remoteGlobalIDString = D82E2F7D1EA59DCF00B5A13D;
			remoteInfo = ORCodeDemo;
		};
/* End PBXContainerItemProxy section */

/* Begin PBXFileReference section */
		D82E2F7E1EA59DCF00B5A13D /* ORCodeDemo.app */ = {isa = PBXFileReference; explicitFileType = wrapper.application; includeInIndex = 0; path = ORCodeDemo.app; sourceTree = BUILT_PRODUCTS_DIR; };
		D82E2F821EA59DCF00B5A13D /* main.m */ = {isa = PBXFileReference; lastKnownFileType = sourcecode.c.objc; path = main.m; sourceTree = "<group>"; };
		D82E2F841EA59DCF00B5A13D /* AppDelegate.h */ = {isa = PBXFileReference; lastKnownFileType = sourcecode.c.h; path = AppDelegate.h; sourceTree = "<group>"; };
		D82E2F851EA59DCF00B5A13D /* AppDelegate.m */ = {isa = PBXFileReference; lastKnownFileType = sourcecode.c.objc; path = AppDelegate.m; sourceTree = "<group>"; };
		D82E2F871EA59DCF00B5A13D /* ViewController.h */ = {isa = PBXFileReference; lastKnownFileType = sourcecode.c.h; path = ViewController.h; sourceTree = "<group>"; };
		D82E2F881EA59DCF00B5A13D /* ViewController.m */ = {isa = PBXFileReference; lastKnownFileType = sourcecode.c.objc; path = ViewController.m; sourceTree = "<group>"; };
		D82E2F8B1EA59DCF00B5A13D /* Base */ = {isa = PBXFileReference; lastKnownFileType = file.storyboard; name = Base; path = Base.lproj/Main.storyboard; sourceTree = "<group>"; };
		D82E2F8D1EA59DCF00B5A13D /* Assets.xcassets */ = {isa = PBXFileReference; lastKnownFileType = folder.assetcatalog; path = Assets.xcassets; sourceTree = "<group>"; };
		D82E2F901EA59DCF00B5A13D /* Base */ = {isa = PBXFileReference; lastKnownFileType = file.storyboard; name = Base; path = Base.lproj/LaunchScreen.storyboard; sourceTree = "<group>"; };
		D82E2F921EA59DCF00B5A13D /* Info.plist */ = {isa = PBXFileReference; lastKnownFileType = text.plist.xml; path = Info.plist; sourceTree = "<group>"; };
		D82E2F971EA59DCF00B5A13D /* ORCodeDemoTests.xctest */ = {isa = PBXFileReference; explicitFileType = wrapper.cfbundle; includeInIndex = 0; path = ORCodeDemoTests.xctest; sourceTree = BUILT_PRODUCTS_DIR; };
		D82E2F9B1EA59DCF00B5A13D /* ORCodeDemoTests.m */ = {isa = PBXFileReference; lastKnownFileType = sourcecode.c.objc; path = ORCodeDemoTests.m; sourceTree = "<group>"; };
		D82E2F9D1EA59DCF00B5A13D /* Info.plist */ = {isa = PBXFileReference; lastKnownFileType = text.plist.xml; path = Info.plist; sourceTree = "<group>"; };
		D82E2FA21EA59DCF00B5A13D /* ORCodeDemoUITests.xctest */ = {isa = PBXFileReference; explicitFileType = wrapper.cfbundle; includeInIndex = 0; path = ORCodeDemoUITests.xctest; sourceTree = BUILT_PRODUCTS_DIR; };
		D82E2FA61EA59DCF00B5A13D /* ORCodeDemoUITests.m */ = {isa = PBXFileReference; lastKnownFileType = sourcecode.c.objc; path = ORCodeDemoUITests.m; sourceTree = "<group>"; };
		D82E2FA81EA59DCF00B5A13D /* Info.plist */ = {isa = PBXFileReference; lastKnownFileType = text.plist.xml; path = Info.plist; sourceTree = "<group>"; };
		D86CB39D1EB9A6730046A39E /* ScanFrame.h */ = {isa = PBXFileReference; fileEncoding = 4; lastKnownFileType = sourcecode.c.h; path = ScanFrame.h; sourceTree = "<group>"; };
		D86CB39E1EB9A6740046A39E /* ScanFrame.m */ = {isa = PBXFileReference; fileEncoding = 4; lastKnownFileType = sourcecode.c.objc; path = ScanFrame.m; sourceTree = "<group>"; };
		D87015151EA60C2D00A69A92 /* libqrencode */ = {isa = PBXFileReference; lastKnownFileType = folder; path = libqrencode; sourceTree = "<group>"; };
		D87015161EA60C2D00A69A92 /* ZBarSDK */ = {isa = PBXFileReference; lastKnownFileType = folder; path = ZBarSDK; sourceTree = "<group>"; };
		D87015191EA60E2500A69A92 /* SCanVC.h */ = {isa = PBXFileReference; fileEncoding = 4; lastKnownFileType = sourcecode.c.h; path = SCanVC.h; sourceTree = "<group>"; };
		D870151A1EA60E2500A69A92 /* SCanVC.m */ = {isa = PBXFileReference; fileEncoding = 4; lastKnownFileType = sourcecode.c.objc; path = SCanVC.m; sourceTree = "<group>"; };
/* End PBXFileReference section */

/* Begin PBXFrameworksBuildPhase section */
		D82E2F7B1EA59DCF00B5A13D /* Frameworks */ = {
			isa = PBXFrameworksBuildPhase;
			buildActionMask = 2147483647;
			files = (
			);
			runOnlyForDeploymentPostprocessing = 0;
		};
		D82E2F941EA59DCF00B5A13D /* Frameworks */ = {
			isa = PBXFrameworksBuildPhase;
			buildActionMask = 2147483647;
			files = (
			);
			runOnlyForDeploymentPostprocessing = 0;
		};
		D82E2F9F1EA59DCF00B5A13D /* Frameworks */ = {
			isa = PBXFrameworksBuildPhase;
			buildActionMask = 2147483647;
			files = (
			);
			runOnlyForDeploymentPostprocessing = 0;
		};
/* End PBXFrameworksBuildPhase section */

/* Begin PBXGroup section */
		D82E2F751EA59DCF00B5A13D = {
			isa = PBXGroup;
			children = (
				D82E2F801EA59DCF00B5A13D /* ORCodeDemo */,
				D82E2F9A1EA59DCF00B5A13D /* ORCodeDemoTests */,
				D82E2FA51EA59DCF00B5A13D /* ORCodeDemoUITests */,
				D82E2F7F1EA59DCF00B5A13D /* Products */,
			);
			sourceTree = "<group>";
		};
		D82E2F7F1EA59DCF00B5A13D /* Products */ = {
			isa = PBXGroup;
			children = (
				D82E2F7E1EA59DCF00B5A13D /* ORCodeDemo.app */,
				D82E2F971EA59DCF00B5A13D /* ORCodeDemoTests.xctest */,
				D82E2FA21EA59DCF00B5A13D /* ORCodeDemoUITests.xctest */,
			);
			name = Products;
			sourceTree = "<group>";
		};
		D82E2F801EA59DCF00B5A13D /* ORCodeDemo */ = {
			isa = PBXGroup;
			children = (
				D87015151EA60C2D00A69A92 /* libqrencode */,
				D87015161EA60C2D00A69A92 /* ZBarSDK */,
				D82E2F841EA59DCF00B5A13D /* AppDelegate.h */,
				D82E2F851EA59DCF00B5A13D /* AppDelegate.m */,
				D82E2F871EA59DCF00B5A13D /* ViewController.h */,
				D82E2F881EA59DCF00B5A13D /* ViewController.m */,
				D87015191EA60E2500A69A92 /* SCanVC.h */,
				D870151A1EA60E2500A69A92 /* SCanVC.m */,
				D86CB39D1EB9A6730046A39E /* ScanFrame.h */,
				D86CB39E1EB9A6740046A39E /* ScanFrame.m */,
				D82E2F8A1EA59DCF00B5A13D /* Main.storyboard */,
				D82E2F8D1EA59DCF00B5A13D /* Assets.xcassets */,
				D82E2F8F1EA59DCF00B5A13D /* LaunchScreen.storyboard */,
				D82E2F921EA59DCF00B5A13D /* Info.plist */,
				D82E2F811EA59DCF00B5A13D /* Supporting Files */,
			);
			path = ORCodeDemo;
			sourceTree = "<group>";
		};
		D82E2F811EA59DCF00B5A13D /* Supporting Files */ = {
			isa = PBXGroup;
			children = (
				D82E2F821EA59DCF00B5A13D /* main.m */,
			);
			name = "Supporting Files";
			sourceTree = "<group>";
		};
		D82E2F9A1EA59DCF00B5A13D /* ORCodeDemoTests */ = {
			isa = PBXGroup;
			children = (
				D82E2F9B1EA59DCF00B5A13D /* ORCodeDemoTests.m */,
				D82E2F9D1EA59DCF00B5A13D /* Info.plist */,
			);
			path = ORCodeDemoTests;
			sourceTree = "<group>";
		};
		D82E2FA51EA59DCF00B5A13D /* ORCodeDemoUITests */ = {
			isa = PBXGroup;
			children = (
				D82E2FA61EA59DCF00B5A13D /* ORCodeDemoUITests.m */,
				D82E2FA81EA59DCF00B5A13D /* Info.plist */,
			);
			path = ORCodeDemoUITests;
			sourceTree = "<group>";
		};
/* End PBXGroup section */

/* Begin PBXNativeTarget section */
		D82E2F7D1EA59DCF00B5A13D /* ORCodeDemo */ = {
			isa = PBXNativeTarget;
			buildConfigurationList = D82E2FAB1EA59DCF00B5A13D /* Build configuration list for PBXNativeTarget "ORCodeDemo" */;
			buildPhases = (
				D82E2F7A1EA59DCF00B5A13D /* Sources */,
				D82E2F7B1EA59DCF00B5A13D /* Frameworks */,
				D82E2F7C1EA59DCF00B5A13D /* Resources */,
			);
			buildRules = (
			);
			dependencies = (
			);
			name = ORCodeDemo;
			productName = ORCodeDemo;
			productReference = D82E2F7E1EA59DCF00B5A13D /* ORCodeDemo.app */;
			productType = "com.apple.product-type.application";
		};
		D82E2F961EA59DCF00B5A13D /* ORCodeDemoTests */ = {
			isa = PBXNativeTarget;
			buildConfigurationList = D82E2FAE1EA59DCF00B5A13D /* Build configuration list for PBXNativeTarget "ORCodeDemoTests" */;
			buildPhases = (
				D82E2F931EA59DCF00B5A13D /* Sources */,
				D82E2F941EA59DCF00B5A13D /* Frameworks */,
				D82E2F951EA59DCF00B5A13D /* Resources */,
			);
			buildRules = (
			);
			dependencies = (
				D82E2F991EA59DCF00B5A13D /* PBXTargetDependency */,
			);
			name = ORCodeDemoTests;
			productName = ORCodeDemoTests;
			productReference = D82E2F971EA59DCF00B5A13D /* ORCodeDemoTests.xctest */;
			productType = "com.apple.product-type.bundle.unit-test";
		};
		D82E2FA11EA59DCF00B5A13D /* ORCodeDemoUITests */ = {
			isa = PBXNativeTarget;
			buildConfigurationList = D82E2FB11EA59DCF00B5A13D /* Build configuration list for PBXNativeTarget "ORCodeDemoUITests" */;
			buildPhases = (
				D82E2F9E1EA59DCF00B5A13D /* Sources */,
				D82E2F9F1EA59DCF00B5A13D /* Frameworks */,
				D82E2FA01EA59DCF00B5A13D /* Resources */,
			);
			buildRules = (
			);
			dependencies = (
				D82E2FA41EA59DCF00B5A13D /* PBXTargetDependency */,
			);
			name = ORCodeDemoUITests;
			productName = ORCodeDemoUITests;
			productReference = D82E2FA21EA59DCF00B5A13D /* ORCodeDemoUITests.xctest */;
			productType = "com.apple.product-type.bundle.ui-testing";
		};
/* End PBXNativeTarget section */

/* Begin PBXProject section */
		D82E2F761EA59DCF00B5A13D /* Project object */ = {
			isa = PBXProject;
			attributes = {
				LastUpgradeCheck = 0830;
				ORGANIZATIONNAME = "杭州迪火科技有限公司";
				TargetAttributes = {
					D82E2F7D1EA59DCF00B5A13D = {
						CreatedOnToolsVersion = 8.3.1;
						DevelopmentTeam = 3YA59WQ63S;
						ProvisioningStyle = Automatic;
					};
					D82E2F961EA59DCF00B5A13D = {
						CreatedOnToolsVersion = 8.3.1;
						DevelopmentTeam = 3YA59WQ63S;
						ProvisioningStyle = Automatic;
						TestTargetID = D82E2F7D1EA59DCF00B5A13D;
					};
					D82E2FA11EA59DCF00B5A13D = {
						CreatedOnToolsVersion = 8.3.1;
						DevelopmentTeam = 3YA59WQ63S;
						ProvisioningStyle = Automatic;
						TestTargetID = D82E2F7D1EA59DCF00B5A13D;
					};
				};
			};
			buildConfigurationList = D82E2F791EA59DCF00B5A13D /* Build configuration list for PBXProject "ORCodeDemo" */;
			compatibilityVersion = "Xcode 3.2";
			developmentRegion = English;
			hasScannedForEncodings = 0;
			knownRegions = (
				en,
				Base,
			);
			mainGroup = D82E2F751EA59DCF00B5A13D;
			productRefGroup = D82E2F7F1EA59DCF00B5A13D /* Products */;
			projectDirPath = "";
			projectRoot = "";
			targets = (
				D82E2F7D1EA59DCF00B5A13D /* ORCodeDemo */,
				D82E2F961EA59DCF00B5A13D /* ORCodeDemoTests */,
				D82E2FA11EA59DCF00B5A13D /* ORCodeDemoUITests */,
			);
		};
/* End PBXProject section */

/* Begin PBXResourcesBuildPhase section */
		D82E2F7C1EA59DCF00B5A13D /* Resources */ = {
			isa = PBXResourcesBuildPhase;
			buildActionMask = 2147483647;
			files = (
				D82E2F911EA59DCF00B5A13D /* LaunchScreen.storyboard in Resources */,
				D87015181EA60C2D00A69A92 /* ZBarSDK in Resources */,
				D82E2F8E1EA59DCF00B5A13D /* Assets.xcassets in Resources */,
				D82E2F8C1EA59DCF00B5A13D /* Main.storyboard in Resources */,
				D87015171EA60C2D00A69A92 /* libqrencode in Resources */,
			);
			runOnlyForDeploymentPostprocessing = 0;
		};
		D82E2F951EA59DCF00B5A13D /* Resources */ = {
			isa = PBXResourcesBuildPhase;
			buildActionMask = 2147483647;
			files = (
			);
			runOnlyForDeploymentPostprocessing = 0;
		};
		D82E2FA01EA59DCF00B5A13D /* Resources */ = {
			isa = PBXResourcesBuildPhase;
			buildActionMask = 2147483647;
			files = (
			);
			runOnlyForDeploymentPostprocessing = 0;
		};
/* End PBXResourcesBuildPhase section */

/* Begin PBXSourcesBuildPhase section */
		D82E2F7A1EA59DCF00B5A13D /* Sources */ = {
			isa = PBXSourcesBuildPhase;
			buildActionMask = 2147483647;
			files = (
				D86CB39F1EB9A6740046A39E /* ScanFrame.m in Sources */,
				D82E2F891EA59DCF00B5A13D /* ViewController.m in Sources */,
				D870151B1EA60E2500A69A92 /* SCanVC.m in Sources */,
				D82E2F861EA59DCF00B5A13D /* AppDelegate.m in Sources */,
				D82E2F831EA59DCF00B5A13D /* main.m in Sources */,
			);
			runOnlyForDeploymentPostprocessing = 0;
		};
		D82E2F931EA59DCF00B5A13D /* Sources */ = {
			isa = PBXSourcesBuildPhase;
			buildActionMask = 2147483647;
			files = (
				D82E2F9C1EA59DCF00B5A13D /* ORCodeDemoTests.m in Sources */,
			);
			runOnlyForDeploymentPostprocessing = 0;
		};
		D82E2F9E1EA59DCF00B5A13D /* Sources */ = {
			isa = PBXSourcesBuildPhase;
			buildActionMask = 2147483647;
			files = (
				D82E2FA71EA59DCF00B5A13D /* ORCodeDemoUITests.m in Sources */,
			);
			runOnlyForDeploymentPostprocessing = 0;
		};
/* End PBXSourcesBuildPhase section */

/* Begin PBXTargetDependency section */
		D82E2F991EA59DCF00B5A13D /* PBXTargetDependency */ = {
			isa = PBXTargetDependency;
			target = D82E2F7D1EA59DCF00B5A13D /* ORCodeDemo */;
			targetProxy = D82E2F981EA59DCF00B5A13D /* PBXContainerItemProxy */;
		};
		D82E2FA41EA59DCF00B5A13D /* PBXTargetDependency */ = {
			isa = PBXTargetDependency;
			target = D82E2F7D1EA59DCF00B5A13D /* ORCodeDemo */;
			targetProxy = D82E2FA31EA59DCF00B5A13D /* PBXContainerItemProxy */;
		};
/* End PBXTargetDependency section */

/* Begin PBXVariantGroup section */
		D82E2F8A1EA59DCF00B5A13D /* Main.storyboard */ = {
			isa = PBXVariantGroup;
			children = (
				D82E2F8B1EA59DCF00B5A13D /* Base */,
			);
			name = Main.storyboard;
			sourceTree = "<group>";
		};
		D82E2F8F1EA59DCF00B5A13D /* LaunchScreen.storyboard */ = {
			isa = PBXVariantGroup;
			children = (
				D82E2F901EA59DCF00B5A13D /* Base */,
			);
			name = LaunchScreen.storyboard;
			sourceTree = "<group>";
		};
/* End PBXVariantGroup section */

/* Begin XCBuildConfiguration section */
		D82E2FA91EA59DCF00B5A13D /* Debug */ = {
			isa = XCBuildConfiguration;
			buildSettings = {
				ALWAYS_SEARCH_USER_PATHS = NO;
				CLANG_ANALYZER_NONNULL = YES;
				CLANG_ANALYZER_NUMBER_OBJECT_CONVERSION = YES_AGGRESSIVE;
				CLANG_CXX_LANGUAGE_STANDARD = "gnu++0x";
				CLANG_CXX_LIBRARY = "libc++";
				CLANG_ENABLE_MODULES = YES;
				CLANG_ENABLE_OBJC_ARC = YES;
				CLANG_WARN_BOOL_CONVERSION = YES;
				CLANG_WARN_CONSTANT_CONVERSION = YES;
				CLANG_WARN_DIRECT_OBJC_ISA_USAGE = YES_ERROR;
				CLANG_WARN_DOCUMENTATION_COMMENTS = YES;
				CLANG_WARN_EMPTY_BODY = YES;
				CLANG_WARN_ENUM_CONVERSION = YES;
				CLANG_WARN_INFINITE_RECURSION = YES;
				CLANG_WARN_INT_CONVERSION = YES;
				CLANG_WARN_OBJC_ROOT_CLASS = YES_ERROR;
				CLANG_WARN_SUSPICIOUS_MOVE = YES;
				CLANG_WARN_UNREACHABLE_CODE = YES;
				CLANG_WARN__DUPLICATE_METHOD_MATCH = YES;
				"CODE_SIGN_IDENTITY[sdk=iphoneos*]" = "iPhone Developer";
				COPY_PHASE_STRIP = NO;
				DEBUG_INFORMATION_FORMAT = dwarf;
				ENABLE_STRICT_OBJC_MSGSEND = YES;
				ENABLE_TESTABILITY = YES;
				GCC_C_LANGUAGE_STANDARD = gnu99;
				GCC_DYNAMIC_NO_PIC = NO;
				GCC_NO_COMMON_BLOCKS = YES;
				GCC_OPTIMIZATION_LEVEL = 0;
				GCC_PREPROCESSOR_DEFINITIONS = (
					"DEBUG=1",
					"$(inherited)",
				);
				GCC_WARN_64_TO_32_BIT_CONVERSION = YES;
				GCC_WARN_ABOUT_RETURN_TYPE = YES_ERROR;
				GCC_WARN_UNDECLARED_SELECTOR = YES;
				GCC_WARN_UNINITIALIZED_AUTOS = YES_AGGRESSIVE;
				GCC_WARN_UNUSED_FUNCTION = YES;
				GCC_WARN_UNUSED_VARIABLE = YES;
				IPHONEOS_DEPLOYMENT_TARGET = 10.3;
				MTL_ENABLE_DEBUG_INFO = YES;
				ONLY_ACTIVE_ARCH = YES;
				SDKROOT = iphoneos;
				TARGETED_DEVICE_FAMILY = "1,2";
			};
			name = Debug;
		};
		D82E2FAA1EA59DCF00B5A13D /* Release */ = {
			isa = XCBuildConfiguration;
			buildSettings = {
				ALWAYS_SEARCH_USER_PATHS = NO;
				CLANG_ANALYZER_NONNULL = YES;
				CLANG_ANALYZER_NUMBER_OBJECT_CONVERSION = YES_AGGRESSIVE;
				CLANG_CXX_LANGUAGE_STANDARD = "gnu++0x";
				CLANG_CXX_LIBRARY = "libc++";
				CLANG_ENABLE_MODULES = YES;
				CLANG_ENABLE_OBJC_ARC = YES;
				CLANG_WARN_BOOL_CONVERSION = YES;
				CLANG_WARN_CONSTANT_CONVERSION = YES;
				CLANG_WARN_DIRECT_OBJC_ISA_USAGE = YES_ERROR;
				CLANG_WARN_DOCUMENTATION_COMMENTS = YES;
				CLANG_WARN_EMPTY_BODY = YES;
				CLANG_WARN_ENUM_CONVERSION = YES;
				CLANG_WARN_INFINITE_RECURSION = YES;
				CLANG_WARN_INT_CONVERSION = YES;
				CLANG_WARN_OBJC_ROOT_CLASS = YES_ERROR;
				CLANG_WARN_SUSPICIOUS_MOVE = YES;
				CLANG_WARN_UNREACHABLE_CODE = YES;
				CLANG_WARN__DUPLICATE_METHOD_MATCH = YES;
				"CODE_SIGN_IDENTITY[sdk=iphoneos*]" = "iPhone Developer";
				COPY_PHASE_STRIP = NO;
				DEBUG_INFORMATION_FORMAT = "dwarf-with-dsym";
				ENABLE_NS_ASSERTIONS = NO;
				ENABLE_STRICT_OBJC_MSGSEND = YES;
				GCC_C_LANGUAGE_STANDARD = gnu99;
				GCC_NO_COMMON_BLOCKS = YES;
				GCC_WARN_64_TO_32_BIT_CONVERSION = YES;
				GCC_WARN_ABOUT_RETURN_TYPE = YES_ERROR;
				GCC_WARN_UNDECLARED_SELECTOR = YES;
				GCC_WARN_UNINITIALIZED_AUTOS = YES_AGGRESSIVE;
				GCC_WARN_UNUSED_FUNCTION = YES;
				GCC_WARN_UNUSED_VARIABLE = YES;
				IPHONEOS_DEPLOYMENT_TARGET = 10.3;
				MTL_ENABLE_DEBUG_INFO = NO;
				SDKROOT = iphoneos;
				TARGETED_DEVICE_FAMILY = "1,2";
				VALIDATE_PRODUCT = YES;
			};
			name = Release;
		};
		D82E2FAC1EA59DCF00B5A13D /* Debug */ = {
			isa = XCBuildConfiguration;
			buildSettings = {
				ASSETCATALOG_COMPILER_APPICON_NAME = AppIcon;
				DEVELOPMENT_TEAM = 3YA59WQ63S;
				INFOPLIST_FILE = ORCodeDemo/Info.plist;
				LD_RUNPATH_SEARCH_PATHS = "$(inherited) @executable_path/Frameworks";
				PRODUCT_BUNDLE_IDENTIFIER = xiaolongxia.ORCodeDemo;
				PRODUCT_NAME = "$(TARGET_NAME)";
			};
			name = Debug;
		};
		D82E2FAD1EA59DCF00B5A13D /* Release */ = {
			isa = XCBuildConfiguration;
			buildSettings = {
				ASSETCATALOG_COMPILER_APPICON_NAME = AppIcon;
				DEVELOPMENT_TEAM = 3YA59WQ63S;
				INFOPLIST_FILE = ORCodeDemo/Info.plist;
				LD_RUNPATH_SEARCH_PATHS = "$(inherited) @executable_path/Frameworks";
				PRODUCT_BUNDLE_IDENTIFIER = xiaolongxia.ORCodeDemo;
				PRODUCT_NAME = "$(TARGET_NAME)";
			};
			name = Release;
		};
		D82E2FAF1EA59DCF00B5A13D /* Debug */ = {
			isa = XCBuildConfiguration;
			buildSettings = {
				BUNDLE_LOADER = "$(TEST_HOST)";
				DEVELOPMENT_TEAM = 3YA59WQ63S;
				INFOPLIST_FILE = ORCodeDemoTests/Info.plist;
				LD_RUNPATH_SEARCH_PATHS = "$(inherited) @executable_path/Frameworks @loader_path/Frameworks";
				PRODUCT_BUNDLE_IDENTIFIER = xiaolongxia.ORCodeDemoTests;
				PRODUCT_NAME = "$(TARGET_NAME)";
				TEST_HOST = "$(BUILT_PRODUCTS_DIR)/ORCodeDemo.app/ORCodeDemo";
			};
			name = Debug;
		};
		D82E2FB01EA59DCF00B5A13D /* Release */ = {
			isa = XCBuildConfiguration;
			buildSettings = {
				BUNDLE_LOADER = "$(TEST_HOST)";
				DEVELOPMENT_TEAM = 3YA59WQ63S;
				INFOPLIST_FILE = ORCodeDemoTests/Info.plist;
				LD_RUNPATH_SEARCH_PATHS = "$(inherited) @executable_path/Frameworks @loader_path/Frameworks";
				PRODUCT_BUNDLE_IDENTIFIER = xiaolongxia.ORCodeDemoTests;
				PRODUCT_NAME = "$(TARGET_NAME)";
				TEST_HOST = "$(BUILT_PRODUCTS_DIR)/ORCodeDemo.app/ORCodeDemo";
			};
			name = Release;
		};
		D82E2FB21EA59DCF00B5A13D /* Debug */ = {
			isa = XCBuildConfiguration;
			buildSettings = {
				DEVELOPMENT_TEAM = 3YA59WQ63S;
				INFOPLIST_FILE = ORCodeDemoUITests/Info.plist;
				LD_RUNPATH_SEARCH_PATHS = "$(inherited) @executable_path/Frameworks @loader_path/Frameworks";
				PRODUCT_BUNDLE_IDENTIFIER = xiaolongxia.ORCodeDemoUITests;
				PRODUCT_NAME = "$(TARGET_NAME)";
				TEST_TARGET_NAME = ORCodeDemo;
			};
			name = Debug;
		};
		D82E2FB31EA59DCF00B5A13D /* Release */ = {
			isa = XCBuildConfiguration;
			buildSettings = {
				DEVELOPMENT_TEAM = 3YA59WQ63S;
				INFOPLIST_FILE = ORCodeDemoUITests/Info.plist;
				LD_RUNPATH_SEARCH_PATHS = "$(inherited) @executable_path/Frameworks @loader_path/Frameworks";
				PRODUCT_BUNDLE_IDENTIFIER = xiaolongxia.ORCodeDemoUITests;
				PRODUCT_NAME = "$(TARGET_NAME)";
				TEST_TARGET_NAME = ORCodeDemo;
			};
			name = Release;
		};
/* End XCBuildConfiguration section */

/* Begin XCConfigurationList section */
		D82E2F791EA59DCF00B5A13D /* Build configuration list for PBXProject "ORCodeDemo" */ = {
			isa = XCConfigurationList;
			buildConfigurations = (
				D82E2FA91EA59DCF00B5A13D /* Debug */,
				D82E2FAA1EA59DCF00B5A13D /* Release */,
			);
			defaultConfigurationIsVisible = 0;
			defaultConfigurationName = Release;
		};
		D82E2FAB1EA59DCF00B5A13D /* Build configuration list for PBXNativeTarget "ORCodeDemo" */ = {
			isa = XCConfigurationList;
			buildConfigurations = (
				D82E2FAC1EA59DCF00B5A13D /* Debug */,
				D82E2FAD1EA59DCF00B5A13D /* Release */,
			);
			defaultConfigurationIsVisible = 0;
			defaultConfigurationName = Release;
		};
		D82E2FAE1EA59DCF00B5A13D /* Build configuration list for PBXNativeTarget "ORCodeDemoTests" */ = {
			isa = XCConfigurationList;
			buildConfigurations = (
				D82E2FAF1EA59DCF00B5A13D /* Debug */,
				D82E2FB01EA59DCF00B5A13D /* Release */,
			);
			defaultConfigurationIsVisible = 0;
			defaultConfigurationName = Release;
		};
		D82E2FB11EA59DCF00B5A13D /* Build configuration list for PBXNativeTarget "ORCodeDemoUITests" */ = {
			isa = XCConfigurationList;
			buildConfigurations = (
				D82E2FB21EA59DCF00B5A13D /* Debug */,
				D82E2FB31EA59DCF00B5A13D /* Release */,
			);
			defaultConfigurationIsVisible = 0;
			defaultConfigurationName = Release;
		};
/* End XCConfigurationList section */
	};
	rootObject = D82E2F761EA59DCF00B5A13D /* Project object */;
}
